
Microsoft Visual Studio Solution File, Format Version 12.00
# Visual Studio Version 16
VisualStudioVersion = 16.0.30717.126
MinimumVisualStudioVersion = 10.0.40219.1
Project("{FAE04EC0-301F-11D3-BF4B-00C04F79EFBC}") = "InterfaceExercises", "InterfaceExercises\InterfaceExercises.csproj", "{B644B52A-3B94-4112-89C3-E9896675DD54}"
EndProject
Global
	GlobalSection(SolutionConfigurationPlatforms) = preSolution
		Debug|Any CPU = Debug|Any CPU
		Release|Any CPU = Release|Any CPU
	EndGlobalSection
	GlobalSection(ProjectConfigurationPlatforms) = postSolution
		{B644B52A-3B94-4112-89C3-E9896675DD54}.Debug|Any CPU.ActiveCfg = Debug|Any CPU
		{B644B52A-3B94-4112-89C3-E9896675DD54}.Debug|Any CPU.Build.0 = Debug|Any CPU
		{B644B52A-3B94-4112-89C3-E9896675DD54}.Release|Any CPU.ActiveCfg = Release|Any CPU
		{B644B52A-3B94-4112-89C3-E9896675DD54}.Release|Any CPU.Build.0 = Release|Any CPU
	EndGlobalSection
	GlobalSection(SolutionProperties) = preSolution
		HideSolutionNode = FALSE
	EndGlobalSection
	GlobalSection(ExtensibilityGlobals) = postSolution
		SolutionGuid = {D935EE12-C23F-4B07-8BCE-9917083FD04E}
	EndGlobalSection
EndGlobal
